// !$*UTF8*$!
{
	archiveVersion = 1;
	classes = {
	};
	objectVersion = 55;
	objects = {

/* Begin PBXBuildFile section */
		C008E6732822ADBA008CACAF /* CoinModel.swift in Sources */ = {isa = PBXBuildFile; fileRef = C008E6662822ADBA008CACAF /* CoinModel.swift */; };
		C008E6742822ADBA008CACAF /* MarketDataModel.swift in Sources */ = {isa = PBXBuildFile; fileRef = C008E6672822ADBA008CACAF /* MarketDataModel.swift */; };
		C008E6752822ADBA008CACAF /* PortfolioContainer.xcdatamodeld in Sources */ = {isa = PBXBuildFile; fileRef = C008E6682822ADBA008CACAF /* PortfolioContainer.xcdatamodeld */; };
		C008E6762822ADBA008CACAF /* StatisticModel.swift in Sources */ = {isa = PBXBuildFile; fileRef = C008E66A2822ADBA008CACAF /* StatisticModel.swift */; };
		C008E6772822ADBA008CACAF /* CoinDetailModel.swift in Sources */ = {isa = PBXBuildFile; fileRef = C008E66B2822ADBA008CACAF /* CoinDetailModel.swift */; };
		C008E6782822ADBA008CACAF /* Date.swift in Sources */ = {isa = PBXBuildFile; fileRef = C008E66D2822ADBA008CACAF /* Date.swift */; };
		C008E6792822ADBA008CACAF /* PreviewProvider.swift in Sources */ = {isa = PBXBuildFile; fileRef = C008E66E2822ADBA008CACAF /* PreviewProvider.swift */; };
		C008E67A2822ADBA008CACAF /* String.swift in Sources */ = {isa = PBXBuildFile; fileRef = C008E66F2822ADBA008CACAF /* String.swift */; };
		C008E67B2822ADBA008CACAF /* Double.swift in Sources */ = {isa = PBXBuildFile; fileRef = C008E6702822ADBA008CACAF /* Double.swift */; };
		C008E67C2822ADBA008CACAF /* UIApplication.swift in Sources */ = {isa = PBXBuildFile; fileRef = C008E6712822ADBA008CACAF /* UIApplication.swift */; };
		C008E67D2822ADBA008CACAF /* Color.swift in Sources */ = {isa = PBXBuildFile; fileRef = C008E6722822ADBA008CACAF /* Color.swift */; };
		C008E6832822AF7E008CACAF /* HomeView.swift in Sources */ = {isa = PBXBuildFile; fileRef = C008E6822822AF7E008CACAF /* HomeView.swift */; };
		C008E6872822B157008CACAF /* CircleButtonView.swift in Sources */ = {isa = PBXBuildFile; fileRef = C008E6862822B157008CACAF /* CircleButtonView.swift */; };
		C008E6892822B4A8008CACAF /* CircleButtonAnimationView.swift in Sources */ = {isa = PBXBuildFile; fileRef = C008E6882822B4A8008CACAF /* CircleButtonAnimationView.swift */; };
		C008E68B2822B70C008CACAF /* CoinRowView.swift in Sources */ = {isa = PBXBuildFile; fileRef = C008E68A2822B70C008CACAF /* CoinRowView.swift */; };
		C008E68D2822C1DA008CACAF /* HomeViewModel.swift in Sources */ = {isa = PBXBuildFile; fileRef = C008E68C2822C1DA008CACAF /* HomeViewModel.swift */; };
		C008E6902822C592008CACAF /* CoinDataService.swift in Sources */ = {isa = PBXBuildFile; fileRef = C008E68F2822C592008CACAF /* CoinDataService.swift */; };
		C008E6932822CCE7008CACAF /* NetworkingManager.swift in Sources */ = {isa = PBXBuildFile; fileRef = C008E6922822CCE7008CACAF /* NetworkingManager.swift */; };
		C008E6962822D23B008CACAF /* CoinImageView.swift in Sources */ = {isa = PBXBuildFile; fileRef = C008E6952822D23B008CACAF /* CoinImageView.swift */; };
		C008E6982822D3B1008CACAF /* CoinImageService.swift in Sources */ = {isa = PBXBuildFile; fileRef = C008E6972822D3B1008CACAF /* CoinImageService.swift */; };
		C008E69A2822D537008CACAF /* CoinImageViewModel.swift in Sources */ = {isa = PBXBuildFile; fileRef = C008E6992822D537008CACAF /* CoinImageViewModel.swift */; };
		C008E69C2822F06B008CACAF /* LocalFileManager.swift in Sources */ = {isa = PBXBuildFile; fileRef = C008E69B2822F06B008CACAF /* LocalFileManager.swift */; };
		C008E69E2822F432008CACAF /* SearchBarView.swift in Sources */ = {isa = PBXBuildFile; fileRef = C008E69D2822F432008CACAF /* SearchBarView.swift */; };
		C008E6A02823046A008CACAF /* StatisticView.swift in Sources */ = {isa = PBXBuildFile; fileRef = C008E69F2823046A008CACAF /* StatisticView.swift */; };
		C008E6A2282306CF008CACAF /* HomeStatsView.swift in Sources */ = {isa = PBXBuildFile; fileRef = C008E6A1282306CF008CACAF /* HomeStatsView.swift */; };
		C008E6A428231574008CACAF /* MarketDataService.swift in Sources */ = {isa = PBXBuildFile; fileRef = C008E6A328231574008CACAF /* MarketDataService.swift */; };
		C0BF89532823D551005FA4C6 /* PortfolioView.swift in Sources */ = {isa = PBXBuildFile; fileRef = C0BF89522823D551005FA4C6 /* PortfolioView.swift */; };
		C0BF89552823D6D3005FA4C6 /* XMarkButton.swift in Sources */ = {isa = PBXBuildFile; fileRef = C0BF89542823D6D3005FA4C6 /* XMarkButton.swift */; };
		C0BF89572823DA59005FA4C6 /* CoinLogoView.swift in Sources */ = {isa = PBXBuildFile; fileRef = C0BF89562823DA59005FA4C6 /* CoinLogoView.swift */; };
		C0BF89592823ECED005FA4C6 /* PortfolioDataService.swift in Sources */ = {isa = PBXBuildFile; fileRef = C0BF89582823ECED005FA4C6 /* PortfolioDataService.swift */; };
		C0BF895B2824075E005FA4C6 /* HapticManager.swift in Sources */ = {isa = PBXBuildFile; fileRef = C0BF895A2824075E005FA4C6 /* HapticManager.swift */; };
		C0EB86922822AD4A00065991 /* Crypto_App_CloneApp.swift in Sources */ = {isa = PBXBuildFile; fileRef = C0EB86912822AD4A00065991 /* Crypto_App_CloneApp.swift */; };
		C0EB86942822AD4A00065991 /* ContentView.swift in Sources */ = {isa = PBXBuildFile; fileRef = C0EB86932822AD4A00065991 /* ContentView.swift */; };
		C0EB86962822AD4C00065991 /* Assets.xcassets in Resources */ = {isa = PBXBuildFile; fileRef = C0EB86952822AD4C00065991 /* Assets.xcassets */; };
		C0EB86992822AD4C00065991 /* Preview Assets.xcassets in Resources */ = {isa = PBXBuildFile; fileRef = C0EB86982822AD4C00065991 /* Preview Assets.xcassets */; };
/* End PBXBuildFile section */

/* Begin PBXFileReference section */
		C008E6662822ADBA008CACAF /* CoinModel.swift */ = {isa = PBXFileReference; fileEncoding = 4; lastKnownFileType = sourcecode.swift; path = CoinModel.swift; sourceTree = "<group>"; };
		C008E6672822ADBA008CACAF /* MarketDataModel.swift */ = {isa = PBXFileReference; fileEncoding = 4; lastKnownFileType = sourcecode.swift; path = MarketDataModel.swift; sourceTree = "<group>"; };
		C008E6692822ADBA008CACAF /* PortfolioContainer.xcdatamodel */ = {isa = PBXFileReference; lastKnownFileType = wrapper.xcdatamodel; path = PortfolioContainer.xcdatamodel; sourceTree = "<group>"; };
		C008E66A2822ADBA008CACAF /* StatisticModel.swift */ = {isa = PBXFileReference; fileEncoding = 4; lastKnownFileType = sourcecode.swift; path = StatisticModel.swift; sourceTree = "<group>"; };
		C008E66B2822ADBA008CACAF /* CoinDetailModel.swift */ = {isa = PBXFileReference; fileEncoding = 4; lastKnownFileType = sourcecode.swift; path = CoinDetailModel.swift; sourceTree = "<group>"; };
		C008E66D2822ADBA008CACAF /* Date.swift */ = {isa = PBXFileReference; fileEncoding = 4; lastKnownFileType = sourcecode.swift; path = Date.swift; sourceTree = "<group>"; };
		C008E66E2822ADBA008CACAF /* PreviewProvider.swift */ = {isa = PBXFileReference; fileEncoding = 4; lastKnownFileType = sourcecode.swift; path = PreviewProvider.swift; sourceTree = "<group>"; };
		C008E66F2822ADBA008CACAF /* String.swift */ = {isa = PBXFileReference; fileEncoding = 4; lastKnownFileType = sourcecode.swift; path = String.swift; sourceTree = "<group>"; };
		C008E6702822ADBA008CACAF /* Double.swift */ = {isa = PBXFileReference; fileEncoding = 4; lastKnownFileType = sourcecode.swift; path = Double.swift; sourceTree = "<group>"; };
		C008E6712822ADBA008CACAF /* UIApplication.swift */ = {isa = PBXFileReference; fileEncoding = 4; lastKnownFileType = sourcecode.swift; path = UIApplication.swift; sourceTree = "<group>"; };
		C008E6722822ADBA008CACAF /* Color.swift */ = {isa = PBXFileReference; fileEncoding = 4; lastKnownFileType = sourcecode.swift; path = Color.swift; sourceTree = "<group>"; };
		C008E6822822AF7E008CACAF /* HomeView.swift */ = {isa = PBXFileReference; lastKnownFileType = sourcecode.swift; path = HomeView.swift; sourceTree = "<group>"; };
		C008E6862822B157008CACAF /* CircleButtonView.swift */ = {isa = PBXFileReference; lastKnownFileType = sourcecode.swift; path = CircleButtonView.swift; sourceTree = "<group>"; };
		C008E6882822B4A8008CACAF /* CircleButtonAnimationView.swift */ = {isa = PBXFileReference; lastKnownFileType = sourcecode.swift; path = CircleButtonAnimationView.swift; sourceTree = "<group>"; };
		C008E68A2822B70C008CACAF /* CoinRowView.swift */ = {isa = PBXFileReference; lastKnownFileType = sourcecode.swift; path = CoinRowView.swift; sourceTree = "<group>"; };
		C008E68C2822C1DA008CACAF /* HomeViewModel.swift */ = {isa = PBXFileReference; lastKnownFileType = sourcecode.swift; path = HomeViewModel.swift; sourceTree = "<group>"; };
		C008E68F2822C592008CACAF /* CoinDataService.swift */ = {isa = PBXFileReference; lastKnownFileType = sourcecode.swift; path = CoinDataService.swift; sourceTree = "<group>"; };
		C008E6922822CCE7008CACAF /* NetworkingManager.swift */ = {isa = PBXFileReference; lastKnownFileType = sourcecode.swift; path = NetworkingManager.swift; sourceTree = "<group>"; };
		C008E6952822D23B008CACAF /* CoinImageView.swift */ = {isa = PBXFileReference; lastKnownFileType = sourcecode.swift; path = CoinImageView.swift; sourceTree = "<group>"; };
		C008E6972822D3B1008CACAF /* CoinImageService.swift */ = {isa = PBXFileReference; lastKnownFileType = sourcecode.swift; path = CoinImageService.swift; sourceTree = "<group>"; };
		C008E6992822D537008CACAF /* CoinImageViewModel.swift */ = {isa = PBXFileReference; lastKnownFileType = sourcecode.swift; path = CoinImageViewModel.swift; sourceTree = "<group>"; };
		C008E69B2822F06B008CACAF /* LocalFileManager.swift */ = {isa = PBXFileReference; lastKnownFileType = sourcecode.swift; path = LocalFileManager.swift; sourceTree = "<group>"; };
		C008E69D2822F432008CACAF /* SearchBarView.swift */ = {isa = PBXFileReference; lastKnownFileType = sourcecode.swift; path = SearchBarView.swift; sourceTree = "<group>"; };
		C008E69F2823046A008CACAF /* StatisticView.swift */ = {isa = PBXFileReference; lastKnownFileType = sourcecode.swift; path = StatisticView.swift; sourceTree = "<group>"; };
		C008E6A1282306CF008CACAF /* HomeStatsView.swift */ = {isa = PBXFileReference; lastKnownFileType = sourcecode.swift; path = HomeStatsView.swift; sourceTree = "<group>"; };
		C008E6A328231574008CACAF /* MarketDataService.swift */ = {isa = PBXFileReference; lastKnownFileType = sourcecode.swift; path = MarketDataService.swift; sourceTree = "<group>"; };
		C0BF89522823D551005FA4C6 /* PortfolioView.swift */ = {isa = PBXFileReference; lastKnownFileType = sourcecode.swift; path = PortfolioView.swift; sourceTree = "<group>"; };
		C0BF89542823D6D3005FA4C6 /* XMarkButton.swift */ = {isa = PBXFileReference; lastKnownFileType = sourcecode.swift; path = XMarkButton.swift; sourceTree = "<group>"; };
		C0BF89562823DA59005FA4C6 /* CoinLogoView.swift */ = {isa = PBXFileReference; lastKnownFileType = sourcecode.swift; path = CoinLogoView.swift; sourceTree = "<group>"; };
		C0BF89582823ECED005FA4C6 /* PortfolioDataService.swift */ = {isa = PBXFileReference; lastKnownFileType = sourcecode.swift; path = PortfolioDataService.swift; sourceTree = "<group>"; };
		C0BF895A2824075E005FA4C6 /* HapticManager.swift */ = {isa = PBXFileReference; lastKnownFileType = sourcecode.swift; path = HapticManager.swift; sourceTree = "<group>"; };
		C0EB868E2822AD4A00065991 /* Crypto App Clone.app */ = {isa = PBXFileReference; explicitFileType = wrapper.application; includeInIndex = 0; path = "Crypto App Clone.app"; sourceTree = BUILT_PRODUCTS_DIR; };
		C0EB86912822AD4A00065991 /* Crypto_App_CloneApp.swift */ = {isa = PBXFileReference; lastKnownFileType = sourcecode.swift; path = Crypto_App_CloneApp.swift; sourceTree = "<group>"; };
		C0EB86932822AD4A00065991 /* ContentView.swift */ = {isa = PBXFileReference; lastKnownFileType = sourcecode.swift; path = ContentView.swift; sourceTree = "<group>"; };
		C0EB86952822AD4C00065991 /* Assets.xcassets */ = {isa = PBXFileReference; lastKnownFileType = folder.assetcatalog; path = Assets.xcassets; sourceTree = "<group>"; };
		C0EB86982822AD4C00065991 /* Preview Assets.xcassets */ = {isa = PBXFileReference; lastKnownFileType = folder.assetcatalog; path = "Preview Assets.xcassets"; sourceTree = "<group>"; };
/* End PBXFileReference section */

/* Begin PBXFrameworksBuildPhase section */
		C0EB868B2822AD4A00065991 /* Frameworks */ = {
			isa = PBXFrameworksBuildPhase;
			buildActionMask = 2147483647;
			files = (
			);
			runOnlyForDeploymentPostprocessing = 0;
		};
/* End PBXFrameworksBuildPhase section */

/* Begin PBXGroup section */
		C008E6652822ADBA008CACAF /* Models */ = {
			isa = PBXGroup;
			children = (
				C008E6662822ADBA008CACAF /* CoinModel.swift */,
				C008E6672822ADBA008CACAF /* MarketDataModel.swift */,
				C008E6682822ADBA008CACAF /* PortfolioContainer.xcdatamodeld */,
				C008E66A2822ADBA008CACAF /* StatisticModel.swift */,
				C008E66B2822ADBA008CACAF /* CoinDetailModel.swift */,
			);
			path = Models;
			sourceTree = "<group>";
		};
		C008E66C2822ADBA008CACAF /* Extensions */ = {
			isa = PBXGroup;
			children = (
				C008E66D2822ADBA008CACAF /* Date.swift */,
				C008E66E2822ADBA008CACAF /* PreviewProvider.swift */,
				C008E66F2822ADBA008CACAF /* String.swift */,
				C008E6702822ADBA008CACAF /* Double.swift */,
				C008E6712822ADBA008CACAF /* UIApplication.swift */,
				C008E6722822ADBA008CACAF /* Color.swift */,
			);
			path = Extensions;
			sourceTree = "<group>";
		};
		C008E67E2822AF04008CACAF /* Core */ = {
			isa = PBXGroup;
			children = (
				C008E6842822B132008CACAF /* Components */,
				C008E67F2822AF58008CACAF /* Home */,
			);
			path = Core;
			sourceTree = "<group>";
		};
		C008E67F2822AF58008CACAF /* Home */ = {
			isa = PBXGroup;
			children = (
				C008E6812822AF69008CACAF /* ViewModels */,
				C008E6802822AF5F008CACAF /* Views */,
			);
			path = Home;
			sourceTree = "<group>";
		};
		C008E6802822AF5F008CACAF /* Views */ = {
			isa = PBXGroup;
			children = (
				C008E6822822AF7E008CACAF /* HomeView.swift */,
				C008E68A2822B70C008CACAF /* CoinRowView.swift */,
				C008E6A1282306CF008CACAF /* HomeStatsView.swift */,
				C0BF89522823D551005FA4C6 /* PortfolioView.swift */,
			);
			path = Views;
			sourceTree = "<group>";
		};
		C008E6812822AF69008CACAF /* ViewModels */ = {
			isa = PBXGroup;
			children = (
				C008E68C2822C1DA008CACAF /* HomeViewModel.swift */,
			);
			path = ViewModels;
			sourceTree = "<group>";
		};
		C008E6842822B132008CACAF /* Components */ = {
			isa = PBXGroup;
			children = (
				C008E6942822D22C008CACAF /* CoinImage */,
				C008E6852822B13C008CACAF /* CircleButton */,
				C008E69D2822F432008CACAF /* SearchBarView.swift */,
				C008E69F2823046A008CACAF /* StatisticView.swift */,
				C0BF89542823D6D3005FA4C6 /* XMarkButton.swift */,
			);
			path = Components;
			sourceTree = "<group>";
		};
		C008E6852822B13C008CACAF /* CircleButton */ = {
			isa = PBXGroup;
			children = (
				C008E6862822B157008CACAF /* CircleButtonView.swift */,
				C008E6882822B4A8008CACAF /* CircleButtonAnimationView.swift */,
			);
			path = CircleButton;
			sourceTree = "<group>";
		};
		C008E68E2822C575008CACAF /* Services */ = {
			isa = PBXGroup;
			children = (
				C008E68F2822C592008CACAF /* CoinDataService.swift */,
				C008E6972822D3B1008CACAF /* CoinImageService.swift */,
				C008E6A328231574008CACAF /* MarketDataService.swift */,
				C0BF89582823ECED005FA4C6 /* PortfolioDataService.swift */,
			);
			path = Services;
			sourceTree = "<group>";
		};
		C008E6912822CCC2008CACAF /* Utilities */ = {
			isa = PBXGroup;
			children = (
				C008E6922822CCE7008CACAF /* NetworkingManager.swift */,
				C008E69B2822F06B008CACAF /* LocalFileManager.swift */,
				C0BF895A2824075E005FA4C6 /* HapticManager.swift */,
			);
			path = Utilities;
			sourceTree = "<group>";
		};
		C008E6942822D22C008CACAF /* CoinImage */ = {
			isa = PBXGroup;
			children = (
				C008E6952822D23B008CACAF /* CoinImageView.swift */,
				C008E6992822D537008CACAF /* CoinImageViewModel.swift */,
				C0BF89562823DA59005FA4C6 /* CoinLogoView.swift */,
			);
			path = CoinImage;
			sourceTree = "<group>";
		};
		C0EB86852822AD4A00065991 = {
			isa = PBXGroup;
			children = (
				C0EB86902822AD4A00065991 /* Crypto App Clone */,
				C0EB868F2822AD4A00065991 /* Products */,
			);
			sourceTree = "<group>";
		};
		C0EB868F2822AD4A00065991 /* Products */ = {
			isa = PBXGroup;
			children = (
				C0EB868E2822AD4A00065991 /* Crypto App Clone.app */,
			);
			name = Products;
			sourceTree = "<group>";
		};
		C0EB86902822AD4A00065991 /* Crypto App Clone */ = {
			isa = PBXGroup;
			children = (
				C008E6912822CCC2008CACAF /* Utilities */,
				C008E68E2822C575008CACAF /* Services */,
				C008E66C2822ADBA008CACAF /* Extensions */,
				C008E6652822ADBA008CACAF /* Models */,
				C008E67E2822AF04008CACAF /* Core */,
				C0EB86912822AD4A00065991 /* Crypto_App_CloneApp.swift */,
				C0EB86932822AD4A00065991 /* ContentView.swift */,
				C0EB86952822AD4C00065991 /* Assets.xcassets */,
				C0EB86972822AD4C00065991 /* Preview Content */,
			);
			path = "Crypto App Clone";
			sourceTree = "<group>";
		};
		C0EB86972822AD4C00065991 /* Preview Content */ = {
			isa = PBXGroup;
			children = (
				C0EB86982822AD4C00065991 /* Preview Assets.xcassets */,
			);
			path = "Preview Content";
			sourceTree = "<group>";
		};
/* End PBXGroup section */

/* Begin PBXNativeTarget section */
		C0EB868D2822AD4A00065991 /* Crypto App Clone */ = {
			isa = PBXNativeTarget;
			buildConfigurationList = C0EB869C2822AD4C00065991 /* Build configuration list for PBXNativeTarget "Crypto App Clone" */;
			buildPhases = (
				C0EB868A2822AD4A00065991 /* Sources */,
				C0EB868B2822AD4A00065991 /* Frameworks */,
				C0EB868C2822AD4A00065991 /* Resources */,
			);
			buildRules = (
			);
			dependencies = (
			);
			name = "Crypto App Clone";
			productName = "Crypto App Clone";
			productReference = C0EB868E2822AD4A00065991 /* Crypto App Clone.app */;
			productType = "com.apple.product-type.application";
		};
/* End PBXNativeTarget section */

/* Begin PBXProject section */
		C0EB86862822AD4A00065991 /* Project object */ = {
			isa = PBXProject;
			attributes = {
				BuildIndependentTargetsInParallel = 1;
				LastSwiftUpdateCheck = 1320;
				LastUpgradeCheck = 1320;
				TargetAttributes = {
					C0EB868D2822AD4A00065991 = {
						CreatedOnToolsVersion = 13.2.1;
					};
				};
			};
			buildConfigurationList = C0EB86892822AD4A00065991 /* Build configuration list for PBXProject "Crypto App Clone" */;
			compatibilityVersion = "Xcode 13.0";
			developmentRegion = en;
			hasScannedForEncodings = 0;
			knownRegions = (
				en,
				Base,
			);
			mainGroup = C0EB86852822AD4A00065991;
			productRefGroup = C0EB868F2822AD4A00065991 /* Products */;
			projectDirPath = "";
			projectRoot = "";
			targets = (
				C0EB868D2822AD4A00065991 /* Crypto App Clone */,
			);
		};
/* End PBXProject section */

/* Begin PBXResourcesBuildPhase section */
		C0EB868C2822AD4A00065991 /* Resources */ = {
			isa = PBXResourcesBuildPhase;
			buildActionMask = 2147483647;
			files = (
				C0EB86992822AD4C00065991 /* Preview Assets.xcassets in Resources */,
				C0EB86962822AD4C00065991 /* Assets.xcassets in Resources */,
			);
			runOnlyForDeploymentPostprocessing = 0;
		};
/* End PBXResourcesBuildPhase section */

/* Begin PBXSourcesBuildPhase section */
		C0EB868A2822AD4A00065991 /* Sources */ = {
			isa = PBXSourcesBuildPhase;
			buildActionMask = 2147483647;
			files = (
				C008E67C2822ADBA008CACAF /* UIApplication.swift in Sources */,
				C008E68D2822C1DA008CACAF /* HomeViewModel.swift in Sources */,
				C0BF89532823D551005FA4C6 /* PortfolioView.swift in Sources */,
				C008E6A2282306CF008CACAF /* HomeStatsView.swift in Sources */,
				C008E6832822AF7E008CACAF /* HomeView.swift in Sources */,
				C0EB86942822AD4A00065991 /* ContentView.swift in Sources */,
				C008E6A428231574008CACAF /* MarketDataService.swift in Sources */,
				C008E6902822C592008CACAF /* CoinDataService.swift in Sources */,
				C008E69E2822F432008CACAF /* SearchBarView.swift in Sources */,
				C008E6962822D23B008CACAF /* CoinImageView.swift in Sources */,
				C008E6892822B4A8008CACAF /* CircleButtonAnimationView.swift in Sources */,
				C0BF89552823D6D3005FA4C6 /* XMarkButton.swift in Sources */,
				C008E6872822B157008CACAF /* CircleButtonView.swift in Sources */,
				C008E6732822ADBA008CACAF /* CoinModel.swift in Sources */,
				C008E67A2822ADBA008CACAF /* String.swift in Sources */,
				C008E67D2822ADBA008CACAF /* Color.swift in Sources */,
				C008E6772822ADBA008CACAF /* CoinDetailModel.swift in Sources */,
				C008E69A2822D537008CACAF /* CoinImageViewModel.swift in Sources */,
				C0BF89572823DA59005FA4C6 /* CoinLogoView.swift in Sources */,
				C0BF895B2824075E005FA4C6 /* HapticManager.swift in Sources */,
				C008E6782822ADBA008CACAF /* Date.swift in Sources */,
				C0EB86922822AD4A00065991 /* Crypto_App_CloneApp.swift in Sources */,
				C008E6932822CCE7008CACAF /* NetworkingManager.swift in Sources */,
				C008E6752822ADBA008CACAF /* PortfolioContainer.xcdatamodeld in Sources */,
				C008E6982822D3B1008CACAF /* CoinImageService.swift in Sources */,
				C008E6762822ADBA008CACAF /* StatisticModel.swift in Sources */,
				C008E6792822ADBA008CACAF /* PreviewProvider.swift in Sources */,
				C008E6A02823046A008CACAF /* StatisticView.swift in Sources */,
				C008E67B2822ADBA008CACAF /* Double.swift in Sources */,
				C008E68B2822B70C008CACAF /* CoinRowView.swift in Sources */,
				C008E6742822ADBA008CACAF /* MarketDataModel.swift in Sources */,
				C0BF89592823ECED005FA4C6 /* PortfolioDataService.swift in Sources */,
				C008E69C2822F06B008CACAF /* LocalFileManager.swift in Sources */,
			);
			runOnlyForDeploymentPostprocessing = 0;
		};
/* End PBXSourcesBuildPhase section */

/* Begin XCBuildConfiguration section */
		C0EB869A2822AD4C00065991 /* Debug */ = {
			isa = XCBuildConfiguration;
			buildSettings = {
				ALWAYS_SEARCH_USER_PATHS = NO;
				CLANG_ANALYZER_NONNULL = YES;
				CLANG_ANALYZER_NUMBER_OBJECT_CONVERSION = YES_AGGRESSIVE;
				CLANG_CXX_LANGUAGE_STANDARD = "gnu++17";
				CLANG_CXX_LIBRARY = "libc++";
				CLANG_ENABLE_MODULES = YES;
				CLANG_ENABLE_OBJC_ARC = YES;
				CLANG_ENABLE_OBJC_WEAK = YES;
				CLANG_WARN_BLOCK_CAPTURE_AUTORELEASING = YES;
				CLANG_WARN_BOOL_CONVERSION = YES;
				CLANG_WARN_COMMA = YES;
				CLANG_WARN_CONSTANT_CONVERSION = YES;
				CLANG_WARN_DEPRECATED_OBJC_IMPLEMENTATIONS = YES;
				CLANG_WARN_DIRECT_OBJC_ISA_USAGE = YES_ERROR;
				CLANG_WARN_DOCUMENTATION_COMMENTS = YES;
				CLANG_WARN_EMPTY_BODY = YES;
				CLANG_WARN_ENUM_CONVERSION = YES;
				CLANG_WARN_INFINITE_RECURSION = YES;
				CLANG_WARN_INT_CONVERSION = YES;
				CLANG_WARN_NON_LITERAL_NULL_CONVERSION = YES;
				CLANG_WARN_OBJC_IMPLICIT_RETAIN_SELF = YES;
				CLANG_WARN_OBJC_LITERAL_CONVERSION = YES;
				CLANG_WARN_OBJC_ROOT_CLASS = YES_ERROR;
				CLANG_WARN_QUOTED_INCLUDE_IN_FRAMEWORK_HEADER = YES;
				CLANG_WARN_RANGE_LOOP_ANALYSIS = YES;
				CLANG_WARN_STRICT_PROTOTYPES = YES;
				CLANG_WARN_SUSPICIOUS_MOVE = YES;
				CLANG_WARN_UNGUARDED_AVAILABILITY = YES_AGGRESSIVE;
				CLANG_WARN_UNREACHABLE_CODE = YES;
				CLANG_WARN__DUPLICATE_METHOD_MATCH = YES;
				COPY_PHASE_STRIP = NO;
				DEBUG_INFORMATION_FORMAT = dwarf;
				ENABLE_STRICT_OBJC_MSGSEND = YES;
				ENABLE_TESTABILITY = YES;
				GCC_C_LANGUAGE_STANDARD = gnu11;
				GCC_DYNAMIC_NO_PIC = NO;
				GCC_NO_COMMON_BLOCKS = YES;
				GCC_OPTIMIZATION_LEVEL = 0;
				GCC_PREPROCESSOR_DEFINITIONS = (
					"DEBUG=1",
					"$(inherited)",
				);
				GCC_WARN_64_TO_32_BIT_CONVERSION = YES;
				GCC_WARN_ABOUT_RETURN_TYPE = YES_ERROR;
				GCC_WARN_UNDECLARED_SELECTOR = YES;
				GCC_WARN_UNINITIALIZED_AUTOS = YES_AGGRESSIVE;
				GCC_WARN_UNUSED_FUNCTION = YES;
				GCC_WARN_UNUSED_VARIABLE = YES;
				IPHONEOS_DEPLOYMENT_TARGET = 15.2;
				MTL_ENABLE_DEBUG_INFO = INCLUDE_SOURCE;
				MTL_FAST_MATH = YES;
				ONLY_ACTIVE_ARCH = YES;
				SDKROOT = iphoneos;
				SWIFT_ACTIVE_COMPILATION_CONDITIONS = DEBUG;
				SWIFT_OPTIMIZATION_LEVEL = "-Onone";
			};
			name = Debug;
		};
		C0EB869B2822AD4C00065991 /* Release */ = {
			isa = XCBuildConfiguration;
			buildSettings = {
				ALWAYS_SEARCH_USER_PATHS = NO;
				CLANG_ANALYZER_NONNULL = YES;
				CLANG_ANALYZER_NUMBER_OBJECT_CONVERSION = YES_AGGRESSIVE;
				CLANG_CXX_LANGUAGE_STANDARD = "gnu++17";
				CLANG_CXX_LIBRARY = "libc++";
				CLANG_ENABLE_MODULES = YES;
				CLANG_ENABLE_OBJC_ARC = YES;
				CLANG_ENABLE_OBJC_WEAK = YES;
				CLANG_WARN_BLOCK_CAPTURE_AUTORELEASING = YES;
				CLANG_WARN_BOOL_CONVERSION = YES;
				CLANG_WARN_COMMA = YES;
				CLANG_WARN_CONSTANT_CONVERSION = YES;
				CLANG_WARN_DEPRECATED_OBJC_IMPLEMENTATIONS = YES;
				CLANG_WARN_DIRECT_OBJC_ISA_USAGE = YES_ERROR;
				CLANG_WARN_DOCUMENTATION_COMMENTS = YES;
				CLANG_WARN_EMPTY_BODY = YES;
				CLANG_WARN_ENUM_CONVERSION = YES;
				CLANG_WARN_INFINITE_RECURSION = YES;
				CLANG_WARN_INT_CONVERSION = YES;
				CLANG_WARN_NON_LITERAL_NULL_CONVERSION = YES;
				CLANG_WARN_OBJC_IMPLICIT_RETAIN_SELF = YES;
				CLANG_WARN_OBJC_LITERAL_CONVERSION = YES;
				CLANG_WARN_OBJC_ROOT_CLASS = YES_ERROR;
				CLANG_WARN_QUOTED_INCLUDE_IN_FRAMEWORK_HEADER = YES;
				CLANG_WARN_RANGE_LOOP_ANALYSIS = YES;
				CLANG_WARN_STRICT_PROTOTYPES = YES;
				CLANG_WARN_SUSPICIOUS_MOVE = YES;
				CLANG_WARN_UNGUARDED_AVAILABILITY = YES_AGGRESSIVE;
				CLANG_WARN_UNREACHABLE_CODE = YES;
				CLANG_WARN__DUPLICATE_METHOD_MATCH = YES;
				COPY_PHASE_STRIP = NO;
				DEBUG_INFORMATION_FORMAT = "dwarf-with-dsym";
				ENABLE_NS_ASSERTIONS = NO;
				ENABLE_STRICT_OBJC_MSGSEND = YES;
				GCC_C_LANGUAGE_STANDARD = gnu11;
				GCC_NO_COMMON_BLOCKS = YES;
				GCC_WARN_64_TO_32_BIT_CONVERSION = YES;
				GCC_WARN_ABOUT_RETURN_TYPE = YES_ERROR;
				GCC_WARN_UNDECLARED_SELECTOR = YES;
				GCC_WARN_UNINITIALIZED_AUTOS = YES_AGGRESSIVE;
				GCC_WARN_UNUSED_FUNCTION = YES;
				GCC_WARN_UNUSED_VARIABLE = YES;
				IPHONEOS_DEPLOYMENT_TARGET = 15.2;
				MTL_ENABLE_DEBUG_INFO = NO;
				MTL_FAST_MATH = YES;
				SDKROOT = iphoneos;
				SWIFT_COMPILATION_MODE = wholemodule;
				SWIFT_OPTIMIZATION_LEVEL = "-O";
				VALIDATE_PRODUCT = YES;
			};
			name = Release;
		};
		C0EB869D2822AD4C00065991 /* Debug */ = {
			isa = XCBuildConfiguration;
			buildSettings = {
				ASSETCATALOG_COMPILER_APPICON_NAME = AppIcon;
				ASSETCATALOG_COMPILER_GLOBAL_ACCENT_COLOR_NAME = AccentColor;
				CODE_SIGN_STYLE = Automatic;
				CURRENT_PROJECT_VERSION = 1;
				DEVELOPMENT_ASSET_PATHS = "\"Crypto App Clone/Preview Content\"";
				ENABLE_PREVIEWS = YES;
				GENERATE_INFOPLIST_FILE = YES;
				INFOPLIST_KEY_UIApplicationSceneManifest_Generation = YES;
				INFOPLIST_KEY_UIApplicationSupportsIndirectInputEvents = YES;
				INFOPLIST_KEY_UILaunchScreen_Generation = YES;
				INFOPLIST_KEY_UISupportedInterfaceOrientations = UIInterfaceOrientationPortrait;
				INFOPLIST_KEY_UISupportedInterfaceOrientations_iPad = "UIInterfaceOrientationPortrait UIInterfaceOrientationPortraitUpsideDown UIInterfaceOrientationLandscapeLeft UIInterfaceOrientationLandscapeRight";
				INFOPLIST_KEY_UISupportedInterfaceOrientations_iPhone = "UIInterfaceOrientationPortrait UIInterfaceOrientationLandscapeLeft UIInterfaceOrientationLandscapeRight";
				IPHONEOS_DEPLOYMENT_TARGET = 14.0;
				LD_RUNPATH_SEARCH_PATHS = (
					"$(inherited)",
					"@executable_path/Frameworks",
				);
				MARKETING_VERSION = 1.0;
				PRODUCT_BUNDLE_IDENTIFIER = "dev.bytecode.Crypto-App-Clone";
				PRODUCT_NAME = "$(TARGET_NAME)";
				SWIFT_EMIT_LOC_STRINGS = YES;
				SWIFT_VERSION = 5.0;
				TARGETED_DEVICE_FAMILY = "1,2";
			};
			name = Debug;
		};
		C0EB869E2822AD4C00065991 /* Release */ = {
			isa = XCBuildConfiguration;
			buildSettings = {
				ASSETCATALOG_COMPILER_APPICON_NAME = AppIcon;
				ASSETCATALOG_COMPILER_GLOBAL_ACCENT_COLOR_NAME = AccentColor;
				CODE_SIGN_STYLE = Automatic;
				CURRENT_PROJECT_VERSION = 1;
				DEVELOPMENT_ASSET_PATHS = "\"Crypto App Clone/Preview Content\"";
				ENABLE_PREVIEWS = YES;
				GENERATE_INFOPLIST_FILE = YES;
				INFOPLIST_KEY_UIApplicationSceneManifest_Generation = YES;
				INFOPLIST_KEY_UIApplicationSupportsIndirectInputEvents = YES;
				INFOPLIST_KEY_UILaunchScreen_Generation = YES;
				INFOPLIST_KEY_UISupportedInterfaceOrientations = UIInterfaceOrientationPortrait;
				INFOPLIST_KEY_UISupportedInterfaceOrientations_iPad = "UIInterfaceOrientationPortrait UIInterfaceOrientationPortraitUpsideDown UIInterfaceOrientationLandscapeLeft UIInterfaceOrientationLandscapeRight";
				INFOPLIST_KEY_UISupportedInterfaceOrientations_iPhone = "UIInterfaceOrientationPortrait UIInterfaceOrientationLandscapeLeft UIInterfaceOrientationLandscapeRight";
				IPHONEOS_DEPLOYMENT_TARGET = 14.0;
				LD_RUNPATH_SEARCH_PATHS = (
					"$(inherited)",
					"@executable_path/Frameworks",
				);
				MARKETING_VERSION = 1.0;
				PRODUCT_BUNDLE_IDENTIFIER = "dev.bytecode.Crypto-App-Clone";
				PRODUCT_NAME = "$(TARGET_NAME)";
				SWIFT_EMIT_LOC_STRINGS = YES;
				SWIFT_VERSION = 5.0;
				TARGETED_DEVICE_FAMILY = "1,2";
			};
			name = Release;
		};
/* End XCBuildConfiguration section */

/* Begin XCConfigurationList section */
		C0EB86892822AD4A00065991 /* Build configuration list for PBXProject "Crypto App Clone" */ = {
			isa = XCConfigurationList;
			buildConfigurations = (
				C0EB869A2822AD4C00065991 /* Debug */,
				C0EB869B2822AD4C00065991 /* Release */,
			);
			defaultConfigurationIsVisible = 0;
			defaultConfigurationName = Release;
		};
		C0EB869C2822AD4C00065991 /* Build configuration list for PBXNativeTarget "Crypto App Clone" */ = {
			isa = XCConfigurationList;
			buildConfigurations = (
				C0EB869D2822AD4C00065991 /* Debug */,
				C0EB869E2822AD4C00065991 /* Release */,
			);
			defaultConfigurationIsVisible = 0;
			defaultConfigurationName = Release;
		};
/* End XCConfigurationList section */

/* Begin XCVersionGroup section */
		C008E6682822ADBA008CACAF /* PortfolioContainer.xcdatamodeld */ = {
			isa = XCVersionGroup;
			children = (
				C008E6692822ADBA008CACAF /* PortfolioContainer.xcdatamodel */,
			);
			currentVersion = C008E6692822ADBA008CACAF /* PortfolioContainer.xcdatamodel */;
			path = PortfolioContainer.xcdatamodeld;
			sourceTree = "<group>";
			versionGroupType = wrapper.xcdatamodel;
		};
/* End XCVersionGroup section */
	};
	rootObject = C0EB86862822AD4A00065991 /* Project object */;
}
